
Microsoft Visual Studio Solution File, Format Version 12.00
# Visual Studio Version 17
VisualStudioVersion = 17.9.34728.123
MinimumVisualStudioVersion = 10.0.40219.1
Project("{9A19103F-16F7-4668-BE54-9A1E7A4F7556}") = "WebAppFrontend", "WebAppFrontend\WebAppFrontend\WebAppFrontend.csproj", "{FCAD9A6C-44FA-42F0-BF8A-858F97D42BB8}"
EndProject
Project("{9A19103F-16F7-4668-BE54-9A1E7A4F7556}") = "WebAppFrontend.Client", "WebAppFrontend\WebAppFrontend.Client\WebAppFrontend.Client.csproj", "{A2426D67-915F-43EC-9513-05346C79BEC9}"
EndProject
Global
	GlobalSection(SolutionConfigurationPlatforms) = preSolution
		Debug|Any CPU = Debug|Any CPU
		Release|Any CPU = Release|Any CPU
	EndGlobalSection
	GlobalSection(ProjectConfigurationPlatforms) = postSolution
		{FCAD9A6C-44FA-42F0-BF8A-858F97D42BB8}.Debug|Any CPU.ActiveCfg = Debug|Any CPU
		{FCAD9A6C-44FA-42F0-BF8A-858F97D42BB8}.Debug|Any CPU.Build.0 = Debug|Any CPU
		{FCAD9A6C-44FA-42F0-BF8A-858F97D42BB8}.Release|Any CPU.ActiveCfg = Release|Any CPU
		{FCAD9A6C-44FA-42F0-BF8A-858F97D42BB8}.Release|Any CPU.Build.0 = Release|Any CPU
		{A2426D67-915F-43EC-9513-05346C79BEC9}.Debug|Any CPU.ActiveCfg = Debug|Any CPU
		{A2426D67-915F-43EC-9513-05346C79BEC9}.Debug|Any CPU.Build.0 = Debug|Any CPU
		{A2426D67-915F-43EC-9513-05346C79BEC9}.Release|Any CPU.ActiveCfg = Release|Any CPU
		{A2426D67-915F-43EC-9513-05346C79BEC9}.Release|Any CPU.Build.0 = Release|Any CPU
	EndGlobalSection
	GlobalSection(SolutionProperties) = preSolution
		HideSolutionNode = FALSE
	EndGlobalSection
	GlobalSection(ExtensibilityGlobals) = postSolution
		SolutionGuid = {CA9AB7F2-4737-46A8-AD55-47E5D906EA73}
	EndGlobalSection
EndGlobal
